// !$*UTF8*$!
{
	archiveVersion = 1;
	classes = {
	};
	objectVersion = 46;
	objects = {

/* Begin PBXBuildFile section */
		C773B9F61C7EF67600A5EC29 /* AppDelegate.swift in Sources */ = {isa = PBXBuildFile; fileRef = C773B9F51C7EF67600A5EC29 /* AppDelegate.swift */; };
		C773B9F81C7EF67600A5EC29 /* ViewController.swift in Sources */ = {isa = PBXBuildFile; fileRef = C773B9F71C7EF67600A5EC29 /* ViewController.swift */; };
		C773BA0F1C7EFDA000A5EC29 /* Track.swift in Sources */ = {isa = PBXBuildFile; fileRef = C773BA0E1C7EFDA000A5EC29 /* Track.swift */; };
		C773BA111C7EFDBA00A5EC29 /* Download.swift in Sources */ = {isa = PBXBuildFile; fileRef = C773BA101C7EFDBA00A5EC29 /* Download.swift */; };
		C773BA131C7EFDEA00A5EC29 /* TrackCell.swift in Sources */ = {isa = PBXBuildFile; fileRef = C773BA121C7EFDEA00A5EC29 /* TrackCell.swift */; };
		C773BA151C7EFE4400A5EC29 /* SearchViewController.swift in Sources */ = {isa = PBXBuildFile; fileRef = C773BA141C7EFE4400A5EC29 /* SearchViewController.swift */; };
		C7E6A5691C84E3E400CBC271 /* BookViewController.swift in Sources */ = {isa = PBXBuildFile; fileRef = C7E6A5681C84E3E400CBC271 /* BookViewController.swift */; };
		C7E6A56B1C84E54100CBC271 /* BookCell.swift in Sources */ = {isa = PBXBuildFile; fileRef = C7E6A56A1C84E54100CBC271 /* BookCell.swift */; };
		C7F4AB171C80142700D2E9FA /* Main.storyboard in Resources */ = {isa = PBXBuildFile; fileRef = C7F4AB161C80142700D2E9FA /* Main.storyboard */; };
		C7F959C91C7FBCAF00556BF0 /* Assets.xcassets in Resources */ = {isa = PBXBuildFile; fileRef = C7F959C81C7FBCAF00556BF0 /* Assets.xcassets */; };
		C7F959CB1C7FBDBA00556BF0 /* Launch Screen.storyboard in Resources */ = {isa = PBXBuildFile; fileRef = C7F959CA1C7FBDBA00556BF0 /* Launch Screen.storyboard */; };
/* End PBXBuildFile section */

/* Begin PBXFileReference section */
		C773B9F21C7EF67600A5EC29 /* Book Antenna.app */ = {isa = PBXFileReference; explicitFileType = wrapper.application; includeInIndex = 0; path = "Book Antenna.app"; sourceTree = BUILT_PRODUCTS_DIR; };
		C773B9F51C7EF67600A5EC29 /* AppDelegate.swift */ = {isa = PBXFileReference; lastKnownFileType = sourcecode.swift; path = AppDelegate.swift; sourceTree = "<group>"; };
		C773B9F71C7EF67600A5EC29 /* ViewController.swift */ = {isa = PBXFileReference; lastKnownFileType = sourcecode.swift; path = ViewController.swift; sourceTree = "<group>"; };
		C773BA011C7EF67600A5EC29 /* Info.plist */ = {isa = PBXFileReference; lastKnownFileType = text.plist.xml; path = Info.plist; sourceTree = "<group>"; };
		C773BA0E1C7EFDA000A5EC29 /* Track.swift */ = {isa = PBXFileReference; fileEncoding = 4; lastKnownFileType = sourcecode.swift; path = Track.swift; sourceTree = "<group>"; };
		C773BA101C7EFDBA00A5EC29 /* Download.swift */ = {isa = PBXFileReference; fileEncoding = 4; lastKnownFileType = sourcecode.swift; path = Download.swift; sourceTree = "<group>"; };
		C773BA121C7EFDEA00A5EC29 /* TrackCell.swift */ = {isa = PBXFileReference; fileEncoding = 4; lastKnownFileType = sourcecode.swift; path = TrackCell.swift; sourceTree = "<group>"; };
		C773BA141C7EFE4400A5EC29 /* SearchViewController.swift */ = {isa = PBXFileReference; fileEncoding = 4; lastKnownFileType = sourcecode.swift; path = SearchViewController.swift; sourceTree = "<group>"; };
		C7E6A5681C84E3E400CBC271 /* BookViewController.swift */ = {isa = PBXFileReference; fileEncoding = 4; lastKnownFileType = sourcecode.swift; path = BookViewController.swift; sourceTree = "<group>"; };
		C7E6A56A1C84E54100CBC271 /* BookCell.swift */ = {isa = PBXFileReference; fileEncoding = 4; lastKnownFileType = sourcecode.swift; path = BookCell.swift; sourceTree = "<group>"; };
		C7F4AB161C80142700D2E9FA /* Main.storyboard */ = {isa = PBXFileReference; fileEncoding = 4; lastKnownFileType = file.storyboard; path = Main.storyboard; sourceTree = "<group>"; };
		C7F959C81C7FBCAF00556BF0 /* Assets.xcassets */ = {isa = PBXFileReference; lastKnownFileType = folder.assetcatalog; path = Assets.xcassets; sourceTree = "<group>"; };
		C7F959CA1C7FBDBA00556BF0 /* Launch Screen.storyboard */ = {isa = PBXFileReference; fileEncoding = 4; lastKnownFileType = file.storyboard; path = "Launch Screen.storyboard"; sourceTree = "<group>"; };
/* End PBXFileReference section */

/* Begin PBXFrameworksBuildPhase section */
		C773B9EF1C7EF67600A5EC29 /* Frameworks */ = {
			isa = PBXFrameworksBuildPhase;
			buildActionMask = 2147483647;
			files = (
			);
			runOnlyForDeploymentPostprocessing = 0;
		};
/* End PBXFrameworksBuildPhase section */

/* Begin PBXGroup section */
		C773B9E91C7EF67600A5EC29 = {
			isa = PBXGroup;
			children = (
				C773BA121C7EFDEA00A5EC29 /* TrackCell.swift */,
				C7E6A56A1C84E54100CBC271 /* BookCell.swift */,
				C773B9F41C7EF67600A5EC29 /* Book Antenna */,
				C773B9F31C7EF67600A5EC29 /* Products */,
			);
			sourceTree = "<group>";
		};
		C773B9F31C7EF67600A5EC29 /* Products */ = {
			isa = PBXGroup;
			children = (
				C773B9F21C7EF67600A5EC29 /* Book Antenna.app */,
			);
			name = Products;
			sourceTree = "<group>";
		};
		C773B9F41C7EF67600A5EC29 /* Book Antenna */ = {
			isa = PBXGroup;
			children = (
				C773B9F51C7EF67600A5EC29 /* AppDelegate.swift */,
				C773BA0E1C7EFDA000A5EC29 /* Track.swift */,
				C7F959CA1C7FBDBA00556BF0 /* Launch Screen.storyboard */,
				C7F4AB161C80142700D2E9FA /* Main.storyboard */,
				C773BA101C7EFDBA00A5EC29 /* Download.swift */,
				C773B9F71C7EF67600A5EC29 /* ViewController.swift */,
				C773BA141C7EFE4400A5EC29 /* SearchViewController.swift */,
				C7E6A5681C84E3E400CBC271 /* BookViewController.swift */,
				C773BA011C7EF67600A5EC29 /* Info.plist */,
				C7F959C81C7FBCAF00556BF0 /* Assets.xcassets */,
			);
			path = "Book Antenna";
			sourceTree = "<group>";
		};
/* End PBXGroup section */

/* Begin PBXNativeTarget section */
		C773B9F11C7EF67600A5EC29 /* Book Antenna */ = {
			isa = PBXNativeTarget;
			buildConfigurationList = C773BA041C7EF67600A5EC29 /* Build configuration list for PBXNativeTarget "Book Antenna" */;
			buildPhases = (
				C773B9EE1C7EF67600A5EC29 /* Sources */,
				C773B9EF1C7EF67600A5EC29 /* Frameworks */,
				C773B9F01C7EF67600A5EC29 /* Resources */,
			);
			buildRules = (
			);
			dependencies = (
			);
			name = "Book Antenna";
			productName = "Book Antenna";
			productReference = C773B9F21C7EF67600A5EC29 /* Book Antenna.app */;
			productType = "com.apple.product-type.application";
		};
/* End PBXNativeTarget section */

/* Begin PBXProject section */
		C773B9EA1C7EF67600A5EC29 /* Project object */ = {
			isa = PBXProject;
			attributes = {
				LastSwiftUpdateCheck = 0720;
				LastUpgradeCheck = 0720;
				ORGANIZATIONNAME = Heraclitus.corp;
				TargetAttributes = {
					C773B9F11C7EF67600A5EC29 = {
						CreatedOnToolsVersion = 7.2.1;
						DevelopmentTeam = DUZ3NRX6UV;
					};
				};
			};
			buildConfigurationList = C773B9ED1C7EF67600A5EC29 /* Build configuration list for PBXProject "Book Antenna" */;
			compatibilityVersion = "Xcode 3.2";
			developmentRegion = English;
			hasScannedForEncodings = 0;
			knownRegions = (
				en,
				Base,
			);
			mainGroup = C773B9E91C7EF67600A5EC29;
			productRefGroup = C773B9F31C7EF67600A5EC29 /* Products */;
			projectDirPath = "";
			projectRoot = "";
			targets = (
				C773B9F11C7EF67600A5EC29 /* Book Antenna */,
			);
		};
/* End PBXProject section */

/* Begin PBXResourcesBuildPhase section */
		C773B9F01C7EF67600A5EC29 /* Resources */ = {
			isa = PBXResourcesBuildPhase;
			buildActionMask = 2147483647;
			files = (
				C7F959CB1C7FBDBA00556BF0 /* Launch Screen.storyboard in Resources */,
				C7F959C91C7FBCAF00556BF0 /* Assets.xcassets in Resources */,
				C7F4AB171C80142700D2E9FA /* Main.storyboard in Resources */,
			);
			runOnlyForDeploymentPostprocessing = 0;
		};
/* End PBXResourcesBuildPhase section */

/* Begin PBXSourcesBuildPhase section */
		C773B9EE1C7EF67600A5EC29 /* Sources */ = {
			isa = PBXSourcesBuildPhase;
			buildActionMask = 2147483647;
			files = (
				C773BA151C7EFE4400A5EC29 /* SearchViewController.swift in Sources */,
				C773BA131C7EFDEA00A5EC29 /* TrackCell.swift in Sources */,
				C773B9F81C7EF67600A5EC29 /* ViewController.swift in Sources */,
				C773B9F61C7EF67600A5EC29 /* AppDelegate.swift in Sources */,
				C7E6A56B1C84E54100CBC271 /* BookCell.swift in Sources */,
				C7E6A5691C84E3E400CBC271 /* BookViewController.swift in Sources */,
				C773BA0F1C7EFDA000A5EC29 /* Track.swift in Sources */,
				C773BA111C7EFDBA00A5EC29 /* Download.swift in Sources */,
			);
			runOnlyForDeploymentPostprocessing = 0;
		};
/* End PBXSourcesBuildPhase section */

/* Begin XCBuildConfiguration section */
		C773BA021C7EF67600A5EC29 /* Debug */ = {
			isa = XCBuildConfiguration;
			buildSettings = {
				ALWAYS_SEARCH_USER_PATHS = NO;
				CLANG_CXX_LANGUAGE_STANDARD = "gnu++0x";
				CLANG_CXX_LIBRARY = "libc++";
				CLANG_ENABLE_MODULES = YES;
				CLANG_ENABLE_OBJC_ARC = YES;
				CLANG_WARN_BOOL_CONVERSION = YES;
				CLANG_WARN_CONSTANT_CONVERSION = YES;
				CLANG_WARN_DIRECT_OBJC_ISA_USAGE = YES_ERROR;
				CLANG_WARN_EMPTY_BODY = YES;
				CLANG_WARN_ENUM_CONVERSION = YES;
				CLANG_WARN_INT_CONVERSION = YES;
				CLANG_WARN_OBJC_ROOT_CLASS = YES_ERROR;
				CLANG_WARN_UNREACHABLE_CODE = YES;
				CLANG_WARN__DUPLICATE_METHOD_MATCH = YES;
				"CODE_SIGN_IDENTITY[sdk=iphoneos*]" = "iPhone Developer";
				COPY_PHASE_STRIP = NO;
				DEBUG_INFORMATION_FORMAT = dwarf;
				ENABLE_STRICT_OBJC_MSGSEND = YES;
				ENABLE_TESTABILITY = YES;
				GCC_C_LANGUAGE_STANDARD = gnu99;
				GCC_DYNAMIC_NO_PIC = NO;
				GCC_NO_COMMON_BLOCKS = YES;
				GCC_OPTIMIZATION_LEVEL = 0;
				GCC_PREPROCESSOR_DEFINITIONS = (
					"DEBUG=1",
					"$(inherited)",
				);
				GCC_WARN_64_TO_32_BIT_CONVERSION = YES;
				GCC_WARN_ABOUT_RETURN_TYPE = YES_ERROR;
				GCC_WARN_UNDECLARED_SELECTOR = YES;
				GCC_WARN_UNINITIALIZED_AUTOS = YES_AGGRESSIVE;
				GCC_WARN_UNUSED_FUNCTION = YES;
				GCC_WARN_UNUSED_VARIABLE = YES;
				IPHONEOS_DEPLOYMENT_TARGET = 9.2;
				MTL_ENABLE_DEBUG_INFO = YES;
				ONLY_ACTIVE_ARCH = YES;
				SDKROOT = iphoneos;
				SWIFT_OPTIMIZATION_LEVEL = "-Onone";
			};
			name = Debug;
		};
		C773BA031C7EF67600A5EC29 /* Release */ = {
			isa = XCBuildConfiguration;
			buildSettings = {
				ALWAYS_SEARCH_USER_PATHS = NO;
				CLANG_CXX_LANGUAGE_STANDARD = "gnu++0x";
				CLANG_CXX_LIBRARY = "libc++";
				CLANG_ENABLE_MODULES = YES;
				CLANG_ENABLE_OBJC_ARC = YES;
				CLANG_WARN_BOOL_CONVERSION = YES;
				CLANG_WARN_CONSTANT_CONVERSION = YES;
				CLANG_WARN_DIRECT_OBJC_ISA_USAGE = YES_ERROR;
				CLANG_WARN_EMPTY_BODY = YES;
				CLANG_WARN_ENUM_CONVERSION = YES;
				CLANG_WARN_INT_CONVERSION = YES;
				CLANG_WARN_OBJC_ROOT_CLASS = YES_ERROR;
				CLANG_WARN_UNREACHABLE_CODE = YES;
				CLANG_WARN__DUPLICATE_METHOD_MATCH = YES;
				"CODE_SIGN_IDENTITY[sdk=iphoneos*]" = "iPhone Developer";
				COPY_PHASE_STRIP = NO;
				DEBUG_INFORMATION_FORMAT = "dwarf-with-dsym";
				ENABLE_NS_ASSERTIONS = NO;
				ENABLE_STRICT_OBJC_MSGSEND = YES;
				GCC_C_LANGUAGE_STANDARD = gnu99;
				GCC_NO_COMMON_BLOCKS = YES;
				GCC_WARN_64_TO_32_BIT_CONVERSION = YES;
				GCC_WARN_ABOUT_RETURN_TYPE = YES_ERROR;
				GCC_WARN_UNDECLARED_SELECTOR = YES;
				GCC_WARN_UNINITIALIZED_AUTOS = YES_AGGRESSIVE;
				GCC_WARN_UNUSED_FUNCTION = YES;
				GCC_WARN_UNUSED_VARIABLE = YES;
				IPHONEOS_DEPLOYMENT_TARGET = 9.2;
				MTL_ENABLE_DEBUG_INFO = NO;
				SDKROOT = iphoneos;
				VALIDATE_PRODUCT = YES;
			};
			name = Release;
		};
		C773BA051C7EF67600A5EC29 /* Debug */ = {
			isa = XCBuildConfiguration;
			buildSettings = {
				ASSETCATALOG_COMPILER_APPICON_NAME = AppIcon;
				CODE_SIGN_IDENTITY = "iPhone Developer";
				"CODE_SIGN_IDENTITY[sdk=iphoneos*]" = "iPhone Developer";
				INFOPLIST_FILE = "Book Antenna/Info.plist";
				LD_RUNPATH_SEARCH_PATHS = "$(inherited) @executable_path/Frameworks";
				PRODUCT_BUNDLE_IDENTIFIER = "Heraclitus.Book-Antenna";
				PRODUCT_NAME = "$(TARGET_NAME)";
				PROVISIONING_PROFILE = "";
			};
			name = Debug;
		};
		C773BA061C7EF67600A5EC29 /* Release */ = {
			isa = XCBuildConfiguration;
			buildSettings = {
				ASSETCATALOG_COMPILER_APPICON_NAME = AppIcon;
				CODE_SIGN_IDENTITY = "iPhone Developer";
				"CODE_SIGN_IDENTITY[sdk=iphoneos*]" = "iPhone Developer";
				INFOPLIST_FILE = "Book Antenna/Info.plist";
				LD_RUNPATH_SEARCH_PATHS = "$(inherited) @executable_path/Frameworks";
				PRODUCT_BUNDLE_IDENTIFIER = "Heraclitus.Book-Antenna";
				PRODUCT_NAME = "$(TARGET_NAME)";
				PROVISIONING_PROFILE = "";
			};
			name = Release;
		};
/* End XCBuildConfiguration section */

/* Begin XCConfigurationList section */
		C773B9ED1C7EF67600A5EC29 /* Build configuration list for PBXProject "Book Antenna" */ = {
			isa = XCConfigurationList;
			buildConfigurations = (
				C773BA021C7EF67600A5EC29 /* Debug */,
				C773BA031C7EF67600A5EC29 /* Release */,
			);
			defaultConfigurationIsVisible = 0;
			defaultConfigurationName = Release;
		};
		C773BA041C7EF67600A5EC29 /* Build configuration list for PBXNativeTarget "Book Antenna" */ = {
			isa = XCConfigurationList;
			buildConfigurations = (
				C773BA051C7EF67600A5EC29 /* Debug */,
				C773BA061C7EF67600A5EC29 /* Release */,
			);
			defaultConfigurationIsVisible = 0;
			defaultConfigurationName = Release;
		};
/* End XCConfigurationList section */
	};
	rootObject = C773B9EA1C7EF67600A5EC29 /* Project object */;
}
